// !$*UTF8*$!
{
	archiveVersion = 1;
	classes = {
	};
	objectVersion = 56;
	objects = {

/* Begin PBXBuildFile section */
		42EE6C122B1EA3B6000A836D /* WhatsPoppinApp.swift in Sources */ = {isa = PBXBuildFile; fileRef = 42EE6C112B1EA3B6000A836D /* WhatsPoppinApp.swift */; };
		42EE6C142B1EA3B6000A836D /* ContentView.swift in Sources */ = {isa = PBXBuildFile; fileRef = 42EE6C132B1EA3B6000A836D /* ContentView.swift */; };
		42EE6C162B1EA3BA000A836D /* Assets.xcassets in Resources */ = {isa = PBXBuildFile; fileRef = 42EE6C152B1EA3BA000A836D /* Assets.xcassets */; };
		42EE6C192B1EA3BA000A836D /* Preview Assets.xcassets in Resources */ = {isa = PBXBuildFile; fileRef = 42EE6C182B1EA3BA000A836D /* Preview Assets.xcassets */; };
		42EE6C202B1EA470000A836D /* Party.swift in Sources */ = {isa = PBXBuildFile; fileRef = 42EE6C1F2B1EA470000A836D /* Party.swift */; };
		42EE6C222B1EA4DB000A836D /* PartyViewModel.swift in Sources */ = {isa = PBXBuildFile; fileRef = 42EE6C212B1EA4DB000A836D /* PartyViewModel.swift */; };
		42EE6C242B1EA52E000A836D /* BrowsePartyView.swift in Sources */ = {isa = PBXBuildFile; fileRef = 42EE6C232B1EA52E000A836D /* BrowsePartyView.swift */; };
		42EE6C262B1EAA5B000A836D /* Color+.swift in Sources */ = {isa = PBXBuildFile; fileRef = 42EE6C252B1EAA5B000A836D /* Color+.swift */; };
		42EE6C282B1EC80E000A836D /* CreatePartySheetView.swift in Sources */ = {isa = PBXBuildFile; fileRef = 42EE6C272B1EC80E000A836D /* CreatePartySheetView.swift */; };
		42EE6C2A2B1EC83D000A836D /* PartyCardView.swift in Sources */ = {isa = PBXBuildFile; fileRef = 42EE6C292B1EC83D000A836D /* PartyCardView.swift */; };
/* End PBXBuildFile section */

/* Begin PBXFileReference section */
		42EE6C0E2B1EA3B6000A836D /* WhatsPoppin.app */ = {isa = PBXFileReference; explicitFileType = wrapper.application; includeInIndex = 0; path = WhatsPoppin.app; sourceTree = BUILT_PRODUCTS_DIR; };
		42EE6C112B1EA3B6000A836D /* WhatsPoppinApp.swift */ = {isa = PBXFileReference; lastKnownFileType = sourcecode.swift; path = WhatsPoppinApp.swift; sourceTree = "<group>"; };
		42EE6C132B1EA3B6000A836D /* ContentView.swift */ = {isa = PBXFileReference; lastKnownFileType = sourcecode.swift; path = ContentView.swift; sourceTree = "<group>"; };
		42EE6C152B1EA3BA000A836D /* Assets.xcassets */ = {isa = PBXFileReference; lastKnownFileType = folder.assetcatalog; path = Assets.xcassets; sourceTree = "<group>"; };
		42EE6C182B1EA3BA000A836D /* Preview Assets.xcassets */ = {isa = PBXFileReference; lastKnownFileType = folder.assetcatalog; path = "Preview Assets.xcassets"; sourceTree = "<group>"; };
		42EE6C1F2B1EA470000A836D /* Party.swift */ = {isa = PBXFileReference; lastKnownFileType = sourcecode.swift; path = Party.swift; sourceTree = "<group>"; };
		42EE6C212B1EA4DB000A836D /* PartyViewModel.swift */ = {isa = PBXFileReference; lastKnownFileType = sourcecode.swift; path = PartyViewModel.swift; sourceTree = "<group>"; };
		42EE6C232B1EA52E000A836D /* BrowsePartyView.swift */ = {isa = PBXFileReference; lastKnownFileType = sourcecode.swift; path = BrowsePartyView.swift; sourceTree = "<group>"; };
		42EE6C252B1EAA5B000A836D /* Color+.swift */ = {isa = PBXFileReference; lastKnownFileType = sourcecode.swift; path = "Color+.swift"; sourceTree = "<group>"; };
		42EE6C272B1EC80E000A836D /* CreatePartySheetView.swift */ = {isa = PBXFileReference; lastKnownFileType = sourcecode.swift; path = CreatePartySheetView.swift; sourceTree = "<group>"; };
		42EE6C292B1EC83D000A836D /* PartyCardView.swift */ = {isa = PBXFileReference; lastKnownFileType = sourcecode.swift; path = PartyCardView.swift; sourceTree = "<group>"; };
/* End PBXFileReference section */

/* Begin PBXFrameworksBuildPhase section */
		42EE6C0B2B1EA3B6000A836D /* Frameworks */ = {
			isa = PBXFrameworksBuildPhase;
			buildActionMask = 2147483647;
			files = (
			);
			runOnlyForDeploymentPostprocessing = 0;
		};
/* End PBXFrameworksBuildPhase section */

/* Begin PBXGroup section */
		42EE6C052B1EA3B6000A836D = {
			isa = PBXGroup;
			children = (
				42EE6C102B1EA3B6000A836D /* WhatsPoppin */,
				42EE6C0F2B1EA3B6000A836D /* Products */,
			);
			sourceTree = "<group>";
		};
		42EE6C0F2B1EA3B6000A836D /* Products */ = {
			isa = PBXGroup;
			children = (
				42EE6C0E2B1EA3B6000A836D /* WhatsPoppin.app */,
			);
			name = Products;
			sourceTree = "<group>";
		};
		42EE6C102B1EA3B6000A836D /* WhatsPoppin */ = {
			isa = PBXGroup;
			children = (
				42EE6C112B1EA3B6000A836D /* WhatsPoppinApp.swift */,
				42EE6C132B1EA3B6000A836D /* ContentView.swift */,
				42EE6C1F2B1EA470000A836D /* Party.swift */,
				42EE6C212B1EA4DB000A836D /* PartyViewModel.swift */,
				42EE6C2B2B1EC85E000A836D /* Views */,
				42EE6C252B1EAA5B000A836D /* Color+.swift */,
				42EE6C152B1EA3BA000A836D /* Assets.xcassets */,
				42EE6C172B1EA3BA000A836D /* Preview Content */,
			);
			path = WhatsPoppin;
			sourceTree = "<group>";
		};
		42EE6C172B1EA3BA000A836D /* Preview Content */ = {
			isa = PBXGroup;
			children = (
				42EE6C182B1EA3BA000A836D /* Preview Assets.xcassets */,
			);
			path = "Preview Content";
			sourceTree = "<group>";
		};
		42EE6C2B2B1EC85E000A836D /* Views */ = {
			isa = PBXGroup;
			children = (
				42EE6C232B1EA52E000A836D /* BrowsePartyView.swift */,
				42EE6C292B1EC83D000A836D /* PartyCardView.swift */,
				42EE6C272B1EC80E000A836D /* CreatePartySheetView.swift */,
			);
			path = Views;
			sourceTree = "<group>";
		};
/* End PBXGroup section */

/* Begin PBXNativeTarget section */
		42EE6C0D2B1EA3B6000A836D /* WhatsPoppin */ = {
			isa = PBXNativeTarget;
			buildConfigurationList = 42EE6C1C2B1EA3BA000A836D /* Build configuration list for PBXNativeTarget "WhatsPoppin" */;
			buildPhases = (
				42EE6C0A2B1EA3B6000A836D /* Sources */,
				42EE6C0B2B1EA3B6000A836D /* Frameworks */,
				42EE6C0C2B1EA3B6000A836D /* Resources */,
			);
			buildRules = (
			);
			dependencies = (
			);
			name = WhatsPoppin;
			productName = WhatsPoppin;
			productReference = 42EE6C0E2B1EA3B6000A836D /* WhatsPoppin.app */;
			productType = "com.apple.product-type.application";
		};
/* End PBXNativeTarget section */

/* Begin PBXProject section */
		42EE6C062B1EA3B6000A836D /* Project object */ = {
			isa = PBXProject;
			attributes = {
				BuildIndependentTargetsInParallel = 1;
				LastSwiftUpdateCheck = 1500;
				LastUpgradeCheck = 1500;
				TargetAttributes = {
					42EE6C0D2B1EA3B6000A836D = {
						CreatedOnToolsVersion = 15.0.1;
					};
				};
			};
			buildConfigurationList = 42EE6C092B1EA3B6000A836D /* Build configuration list for PBXProject "WhatsPoppin" */;
			compatibilityVersion = "Xcode 14.0";
			developmentRegion = en;
			hasScannedForEncodings = 0;
			knownRegions = (
				en,
				Base,
			);
			mainGroup = 42EE6C052B1EA3B6000A836D;
			productRefGroup = 42EE6C0F2B1EA3B6000A836D /* Products */;
			projectDirPath = "";
			projectRoot = "";
			targets = (
				42EE6C0D2B1EA3B6000A836D /* WhatsPoppin */,
			);
		};
/* End PBXProject section */

/* Begin PBXResourcesBuildPhase section */
		42EE6C0C2B1EA3B6000A836D /* Resources */ = {
			isa = PBXResourcesBuildPhase;
			buildActionMask = 2147483647;
			files = (
				42EE6C192B1EA3BA000A836D /* Preview Assets.xcassets in Resources */,
				42EE6C162B1EA3BA000A836D /* Assets.xcassets in Resources */,
			);
			runOnlyForDeploymentPostprocessing = 0;
		};
/* End PBXResourcesBuildPhase section */

/* Begin PBXSourcesBuildPhase section */
		42EE6C0A2B1EA3B6000A836D /* Sources */ = {
			isa = PBXSourcesBuildPhase;
			buildActionMask = 2147483647;
			files = (
				42EE6C142B1EA3B6000A836D /* ContentView.swift in Sources */,
				42EE6C262B1EAA5B000A836D /* Color+.swift in Sources */,
				42EE6C242B1EA52E000A836D /* BrowsePartyView.swift in Sources */,
				42EE6C2A2B1EC83D000A836D /* PartyCardView.swift in Sources */,
				42EE6C202B1EA470000A836D /* Party.swift in Sources */,
				42EE6C122B1EA3B6000A836D /* WhatsPoppinApp.swift in Sources */,
				42EE6C222B1EA4DB000A836D /* PartyViewModel.swift in Sources */,
				42EE6C282B1EC80E000A836D /* CreatePartySheetView.swift in Sources */,
			);
			runOnlyForDeploymentPostprocessing = 0;
		};
/* End PBXSourcesBuildPhase section */

/* Begin XCBuildConfiguration section */
		42EE6C1A2B1EA3BA000A836D /* Debug */ = {
			isa = XCBuildConfiguration;
			buildSettings = {
				ALWAYS_SEARCH_USER_PATHS = NO;
				ASSETCATALOG_COMPILER_GENERATE_SWIFT_ASSET_SYMBOL_EXTENSIONS = YES;
				CLANG_ANALYZER_NONNULL = YES;
				CLANG_ANALYZER_NUMBER_OBJECT_CONVERSION = YES_AGGRESSIVE;
				CLANG_CXX_LANGUAGE_STANDARD = "gnu++20";
				CLANG_ENABLE_MODULES = YES;
				CLANG_ENABLE_OBJC_ARC = YES;
				CLANG_ENABLE_OBJC_WEAK = YES;
				CLANG_WARN_BLOCK_CAPTURE_AUTORELEASING = YES;
				CLANG_WARN_BOOL_CONVERSION = YES;
				CLANG_WARN_COMMA = YES;
				CLANG_WARN_CONSTANT_CONVERSION = YES;
				CLANG_WARN_DEPRECATED_OBJC_IMPLEMENTATIONS = YES;
				CLANG_WARN_DIRECT_OBJC_ISA_USAGE = YES_ERROR;
				CLANG_WARN_DOCUMENTATION_COMMENTS = YES;
				CLANG_WARN_EMPTY_BODY = YES;
				CLANG_WARN_ENUM_CONVERSION = YES;
				CLANG_WARN_INFINITE_RECURSION = YES;
				CLANG_WARN_INT_CONVERSION = YES;
				CLANG_WARN_NON_LITERAL_NULL_CONVERSION = YES;
				CLANG_WARN_OBJC_IMPLICIT_RETAIN_SELF = YES;
				CLANG_WARN_OBJC_LITERAL_CONVERSION = YES;
				CLANG_WARN_OBJC_ROOT_CLASS = YES_ERROR;
				CLANG_WARN_QUOTED_INCLUDE_IN_FRAMEWORK_HEADER = YES;
				CLANG_WARN_RANGE_LOOP_ANALYSIS = YES;
				CLANG_WARN_STRICT_PROTOTYPES = YES;
				CLANG_WARN_SUSPICIOUS_MOVE = YES;
				CLANG_WARN_UNGUARDED_AVAILABILITY = YES_AGGRESSIVE;
				CLANG_WARN_UNREACHABLE_CODE = YES;
				CLANG_WARN__DUPLICATE_METHOD_MATCH = YES;
				COPY_PHASE_STRIP = NO;
				DEBUG_INFORMATION_FORMAT = dwarf;
				ENABLE_STRICT_OBJC_MSGSEND = YES;
				ENABLE_TESTABILITY = YES;
				ENABLE_USER_SCRIPT_SANDBOXING = YES;
				GCC_C_LANGUAGE_STANDARD = gnu17;
				GCC_DYNAMIC_NO_PIC = NO;
				GCC_NO_COMMON_BLOCKS = YES;
				GCC_OPTIMIZATION_LEVEL = 0;
				GCC_PREPROCESSOR_DEFINITIONS = (
					"DEBUG=1",
					"$(inherited)",
				);
				GCC_WARN_64_TO_32_BIT_CONVERSION = YES;
				GCC_WARN_ABOUT_RETURN_TYPE = YES_ERROR;
				GCC_WARN_UNDECLARED_SELECTOR = YES;
				GCC_WARN_UNINITIALIZED_AUTOS = YES_AGGRESSIVE;
				GCC_WARN_UNUSED_FUNCTION = YES;
				GCC_WARN_UNUSED_VARIABLE = YES;
				IPHONEOS_DEPLOYMENT_TARGET = 17.0;
				LOCALIZATION_PREFERS_STRING_CATALOGS = YES;
				MTL_ENABLE_DEBUG_INFO = INCLUDE_SOURCE;
				MTL_FAST_MATH = YES;
				ONLY_ACTIVE_ARCH = YES;
				SDKROOT = iphoneos;
				SWIFT_ACTIVE_COMPILATION_CONDITIONS = "DEBUG $(inherited)";
				SWIFT_OPTIMIZATION_LEVEL = "-Onone";
			};
			name = Debug;
		};
		42EE6C1B2B1EA3BA000A836D /* Release */ = {
			isa = XCBuildConfiguration;
			buildSettings = {
				ALWAYS_SEARCH_USER_PATHS = NO;
				ASSETCATALOG_COMPILER_GENERATE_SWIFT_ASSET_SYMBOL_EXTENSIONS = YES;
				CLANG_ANALYZER_NONNULL = YES;
				CLANG_ANALYZER_NUMBER_OBJECT_CONVERSION = YES_AGGRESSIVE;
				CLANG_CXX_LANGUAGE_STANDARD = "gnu++20";
				CLANG_ENABLE_MODULES = YES;
				CLANG_ENABLE_OBJC_ARC = YES;
				CLANG_ENABLE_OBJC_WEAK = YES;
				CLANG_WARN_BLOCK_CAPTURE_AUTORELEASING = YES;
				CLANG_WARN_BOOL_CONVERSION = YES;
				CLANG_WARN_COMMA = YES;
				CLANG_WARN_CONSTANT_CONVERSION = YES;
				CLANG_WARN_DEPRECATED_OBJC_IMPLEMENTATIONS = YES;
				CLANG_WARN_DIRECT_OBJC_ISA_USAGE = YES_ERROR;
				CLANG_WARN_DOCUMENTATION_COMMENTS = YES;
				CLANG_WARN_EMPTY_BODY = YES;
				CLANG_WARN_ENUM_CONVERSION = YES;
				CLANG_WARN_INFINITE_RECURSION = YES;
				CLANG_WARN_INT_CONVERSION = YES;
				CLANG_WARN_NON_LITERAL_NULL_CONVERSION = YES;
				CLANG_WARN_OBJC_IMPLICIT_RETAIN_SELF = YES;
				CLANG_WARN_OBJC_LITERAL_CONVERSION = YES;
				CLANG_WARN_OBJC_ROOT_CLASS = YES_ERROR;
				CLANG_WARN_QUOTED_INCLUDE_IN_FRAMEWORK_HEADER = YES;
				CLANG_WARN_RANGE_LOOP_ANALYSIS = YES;
				CLANG_WARN_STRICT_PROTOTYPES = YES;
				CLANG_WARN_SUSPICIOUS_MOVE = YES;
				CLANG_WARN_UNGUARDED_AVAILABILITY = YES_AGGRESSIVE;
				CLANG_WARN_UNREACHABLE_CODE = YES;
				CLANG_WARN__DUPLICATE_METHOD_MATCH = YES;
				COPY_PHASE_STRIP = NO;
				DEBUG_INFORMATION_FORMAT = "dwarf-with-dsym";
				ENABLE_NS_ASSERTIONS = NO;
				ENABLE_STRICT_OBJC_MSGSEND = YES;
				ENABLE_USER_SCRIPT_SANDBOXING = YES;
				GCC_C_LANGUAGE_STANDARD = gnu17;
				GCC_NO_COMMON_BLOCKS = YES;
				GCC_WARN_64_TO_32_BIT_CONVERSION = YES;
				GCC_WARN_ABOUT_RETURN_TYPE = YES_ERROR;
				GCC_WARN_UNDECLARED_SELECTOR = YES;
				GCC_WARN_UNINITIALIZED_AUTOS = YES_AGGRESSIVE;
				GCC_WARN_UNUSED_FUNCTION = YES;
				GCC_WARN_UNUSED_VARIABLE = YES;
				IPHONEOS_DEPLOYMENT_TARGET = 17.0;
				LOCALIZATION_PREFERS_STRING_CATALOGS = YES;
				MTL_ENABLE_DEBUG_INFO = NO;
				MTL_FAST_MATH = YES;
				SDKROOT = iphoneos;
				SWIFT_COMPILATION_MODE = wholemodule;
				VALIDATE_PRODUCT = YES;
			};
			name = Release;
		};
		42EE6C1D2B1EA3BA000A836D /* Debug */ = {
			isa = XCBuildConfiguration;
			buildSettings = {
				ASSETCATALOG_COMPILER_APPICON_NAME = AppIcon;
				ASSETCATALOG_COMPILER_GLOBAL_ACCENT_COLOR_NAME = AccentColor;
				CODE_SIGN_STYLE = Automatic;
				CURRENT_PROJECT_VERSION = 1;
				DEVELOPMENT_ASSET_PATHS = "\"WhatsPoppin/Preview Content\"";
				DEVELOPMENT_TEAM = T76274KP97;
				ENABLE_PREVIEWS = YES;
				GENERATE_INFOPLIST_FILE = YES;
				INFOPLIST_KEY_UIApplicationSceneManifest_Generation = YES;
				INFOPLIST_KEY_UIApplicationSupportsIndirectInputEvents = YES;
				INFOPLIST_KEY_UILaunchScreen_Generation = YES;
				INFOPLIST_KEY_UISupportedInterfaceOrientations_iPad = "UIInterfaceOrientationPortrait UIInterfaceOrientationPortraitUpsideDown UIInterfaceOrientationLandscapeLeft UIInterfaceOrientationLandscapeRight";
				INFOPLIST_KEY_UISupportedInterfaceOrientations_iPhone = "UIInterfaceOrientationPortrait UIInterfaceOrientationLandscapeLeft UIInterfaceOrientationLandscapeRight";
				LD_RUNPATH_SEARCH_PATHS = (
					"$(inherited)",
					"@executable_path/Frameworks",
				);
				MARKETING_VERSION = 1.0;
				PRODUCT_BUNDLE_IDENTIFIER = com.gmail.ntdkhang143.WhatsPoppin;
				PRODUCT_NAME = "$(TARGET_NAME)";
				SWIFT_EMIT_LOC_STRINGS = YES;
				SWIFT_VERSION = 5.0;
				TARGETED_DEVICE_FAMILY = "1,2";
			};
			name = Debug;
		};
		42EE6C1E2B1EA3BA000A836D /* Release */ = {
			isa = XCBuildConfiguration;
			buildSettings = {
				ASSETCATALOG_COMPILER_APPICON_NAME = AppIcon;
				ASSETCATALOG_COMPILER_GLOBAL_ACCENT_COLOR_NAME = AccentColor;
				CODE_SIGN_STYLE = Automatic;
				CURRENT_PROJECT_VERSION = 1;
				DEVELOPMENT_ASSET_PATHS = "\"WhatsPoppin/Preview Content\"";
				DEVELOPMENT_TEAM = T76274KP97;
				ENABLE_PREVIEWS = YES;
				GENERATE_INFOPLIST_FILE = YES;
				INFOPLIST_KEY_UIApplicationSceneManifest_Generation = YES;
				INFOPLIST_KEY_UIApplicationSupportsIndirectInputEvents = YES;
				INFOPLIST_KEY_UILaunchScreen_Generation = YES;
				INFOPLIST_KEY_UISupportedInterfaceOrientations_iPad = "UIInterfaceOrientationPortrait UIInterfaceOrientationPortraitUpsideDown UIInterfaceOrientationLandscapeLeft UIInterfaceOrientationLandscapeRight";
				INFOPLIST_KEY_UISupportedInterfaceOrientations_iPhone = "UIInterfaceOrientationPortrait UIInterfaceOrientationLandscapeLeft UIInterfaceOrientationLandscapeRight";
				LD_RUNPATH_SEARCH_PATHS = (
					"$(inherited)",
					"@executable_path/Frameworks",
				);
				MARKETING_VERSION = 1.0;
				PRODUCT_BUNDLE_IDENTIFIER = com.gmail.ntdkhang143.WhatsPoppin;
				PRODUCT_NAME = "$(TARGET_NAME)";
				SWIFT_EMIT_LOC_STRINGS = YES;
				SWIFT_VERSION = 5.0;
				TARGETED_DEVICE_FAMILY = "1,2";
			};
			name = Release;
		};
/* End XCBuildConfiguration section */

/* Begin XCConfigurationList section */
		42EE6C092B1EA3B6000A836D /* Build configuration list for PBXProject "WhatsPoppin" */ = {
			isa = XCConfigurationList;
			buildConfigurations = (
				42EE6C1A2B1EA3BA000A836D /* Debug */,
				42EE6C1B2B1EA3BA000A836D /* Release */,
			);
			defaultConfigurationIsVisible = 0;
			defaultConfigurationName = Release;
		};
		42EE6C1C2B1EA3BA000A836D /* Build configuration list for PBXNativeTarget "WhatsPoppin" */ = {
			isa = XCConfigurationList;
			buildConfigurations = (
				42EE6C1D2B1EA3BA000A836D /* Debug */,
				42EE6C1E2B1EA3BA000A836D /* Release */,
			);
			defaultConfigurationIsVisible = 0;
			defaultConfigurationName = Release;
		};
/* End XCConfigurationList section */
	};
	rootObject = 42EE6C062B1EA3B6000A836D /* Project object */;
}
